
Microsoft Visual Studio Solution File, Format Version 12.00
# Visual Studio 15
VisualStudioVersion = 15.0.27428.2043
MinimumVisualStudioVersion = 10.0.40219.1
Project("{FAE04EC0-301F-11D3-BF4B-00C04F79EFBC}") = "Liskov Substitution", "Liskov Substitution\Liskov Substitution.csproj", "{E6680753-0D95-4D20-8BA8-38BAC4F7D269}"
EndProject
Global
	GlobalSection(SolutionConfigurationPlatforms) = preSolution
		Debug|Any CPU = Debug|Any CPU
		Release|Any CPU = Release|Any CPU
	EndGlobalSection
	GlobalSection(ProjectConfigurationPlatforms) = postSolution
		{E6680753-0D95-4D20-8BA8-38BAC4F7D269}.Debug|Any CPU.ActiveCfg = Debug|Any CPU
		{E6680753-0D95-4D20-8BA8-38BAC4F7D269}.Debug|Any CPU.Build.0 = Debug|Any CPU
		{E6680753-0D95-4D20-8BA8-38BAC4F7D269}.Release|Any CPU.ActiveCfg = Release|Any CPU
		{E6680753-0D95-4D20-8BA8-38BAC4F7D269}.Release|Any CPU.Build.0 = Release|Any CPU
	EndGlobalSection
	GlobalSection(SolutionProperties) = preSolution
		HideSolutionNode = FALSE
	EndGlobalSection
	GlobalSection(ExtensibilityGlobals) = postSolution
		SolutionGuid = {35361D8C-5A78-441A-99AF-44BC23EEC9AD}
	EndGlobalSection
EndGlobal
